{
    "_readme": [
        "This file locks the dependencies of your project to a known state",
        "Read more about it at https://getcomposer.org/doc/01-basic-usage.md#installing-dependencies",
        "This file is @generated automatically"
    ],
    "content-hash": "02ec40d2cc5323f271005b3e90e94d10",
    "packages": [
        {
            "name": "beyondcode/claude-hooks-sdk",
            "version": "0.1.0",
            "source": {
                "type": "git",
                "url": "https://github.com/beyondcode/claude-hooks-sdk.git",
                "reference": "2a449bc17c28b72a1e52e4215e9f467bf370191e"
            },
            "dist": {
                "type": "zip",
                "url": "https://api.github.com/repos/beyondcode/claude-hooks-sdk/zipball/2a449bc17c28b72a1e52e4215e9f467bf370191e",
                "reference": "2a449bc17c28b72a1e52e4215e9f467bf370191e",
                "shasum": ""
            },
            "require": {
                "php": "^8.3"
            },
            "require-dev": {
                "laravel/pint": "^1.0",
                "pestphp/pest": "^3.0"
            },
            "type": "library",
            "autoload": {
                "psr-4": {
                    "BeyondCode\\ClaudeHooks\\": "src"
                }
            },
            "notification-url": "https://packagist.org/downloads/",
            "license": [
                "MIT"
            ],
            "authors": [
                {
                    "name": "Marcel Pociot",
                    "email": "marcel@beyondco.de",
                    "role": "Developer"
                }
            ],
            "description": "A PHP SDK for building Claude Code hooks.",
            "homepage": "https://github.com/beyondcode/claude-hooks-sdk",
            "keywords": [
                "beyondcode",
                "claude",
                "claude-hooks-sdk",
                "hooks"
            ],
            "support": {
                "issues": "https://github.com/beyondcode/claude-hooks-sdk/issues",
                "source": "https://github.com/beyondcode/claude-hooks-sdk/tree/0.1.0"
            },
            "funding": [
                {
                    "url": "https://github.com/beyondcode",
                    "type": "github"
                }
            ],
            "time": "2025-07-03T20:17:49+00:00"
        }
    ],
    "packages-dev": [],
    "aliases": [],
    "minimum-stability": "stable",
    "stability-flags": {},
    "prefer-stable": false,
    "prefer-lowest": false,
    "platform": {},
    "platform-dev": {},
    "plugin-api-version": "2.9.0"
}
